
Microsoft Visual Studio Solution File, Format Version 12.00
# Visual Studio Version 17
VisualStudioVersion = 17.8.34309.116
MinimumVisualStudioVersion = 10.0.40219.1
Project("{9A19103F-16F7-4668-BE54-9A1E7A4F7556}") = "SimpleChatApplication.Api", "SimpleChatApplication.Api\SimpleChatApplication.Api.csproj", "{03E5D482-C1AE-4E7E-99B7-F271FE59A526}"
EndProject
Project("{FAE04EC0-301F-11D3-BF4B-00C04F79EFBC}") = "SimpleChatApplication.DAL", "SimpleChatApplication.DAL\SimpleChatApplication.DAL.csproj", "{F20CFA91-B362-4465-86F7-46742C6F0759}"
EndProject
Project("{FAE04EC0-301F-11D3-BF4B-00C04F79EFBC}") = "SimpleChatApplication.BLL", "SimpleChatApplication.BLL\SimpleChatApplication.BLL.csproj", "{5A307D95-1629-4CD1-A7B4-2AAD17F14022}"
EndProject
Global
	GlobalSection(SolutionConfigurationPlatforms) = preSolution
		Debug|Any CPU = Debug|Any CPU
		Release|Any CPU = Release|Any CPU
	EndGlobalSection
	GlobalSection(ProjectConfigurationPlatforms) = postSolution
		{03E5D482-C1AE-4E7E-99B7-F271FE59A526}.Debug|Any CPU.ActiveCfg = Debug|Any CPU
		{03E5D482-C1AE-4E7E-99B7-F271FE59A526}.Debug|Any CPU.Build.0 = Debug|Any CPU
		{03E5D482-C1AE-4E7E-99B7-F271FE59A526}.Release|Any CPU.ActiveCfg = Release|Any CPU
		{03E5D482-C1AE-4E7E-99B7-F271FE59A526}.Release|Any CPU.Build.0 = Release|Any CPU
		{F20CFA91-B362-4465-86F7-46742C6F0759}.Debug|Any CPU.ActiveCfg = Debug|Any CPU
		{F20CFA91-B362-4465-86F7-46742C6F0759}.Debug|Any CPU.Build.0 = Debug|Any CPU
		{F20CFA91-B362-4465-86F7-46742C6F0759}.Release|Any CPU.ActiveCfg = Release|Any CPU
		{F20CFA91-B362-4465-86F7-46742C6F0759}.Release|Any CPU.Build.0 = Release|Any CPU
		{5A307D95-1629-4CD1-A7B4-2AAD17F14022}.Debug|Any CPU.ActiveCfg = Debug|Any CPU
		{5A307D95-1629-4CD1-A7B4-2AAD17F14022}.Debug|Any CPU.Build.0 = Debug|Any CPU
		{5A307D95-1629-4CD1-A7B4-2AAD17F14022}.Release|Any CPU.ActiveCfg = Release|Any CPU
		{5A307D95-1629-4CD1-A7B4-2AAD17F14022}.Release|Any CPU.Build.0 = Release|Any CPU
	EndGlobalSection
	GlobalSection(SolutionProperties) = preSolution
		HideSolutionNode = FALSE
	EndGlobalSection
	GlobalSection(ExtensibilityGlobals) = postSolution
		SolutionGuid = {6152B1D9-2E8B-4199-8FA8-98D25C89607B}
	EndGlobalSection
EndGlobal
